
Microsoft Visual Studio Solution File, Format Version 12.00
# Visual Studio Version 17
VisualStudioVersion = 17.13.35828.75 d17.13
MinimumVisualStudioVersion = 10.0.40219.1
Project("{FAE04EC0-301F-11D3-BF4B-00C04F79EFBC}") = "CacaNiquel", "CacaNiquel\CacaNiquel.csproj", "{612D9E9B-2D98-4744-9E61-89577DC24E01}"
EndProject
Global
	GlobalSection(SolutionConfigurationPlatforms) = preSolution
		Debug|Any CPU = Debug|Any CPU
		Release|Any CPU = Release|Any CPU
	EndGlobalSection
	GlobalSection(ProjectConfigurationPlatforms) = postSolution
		{612D9E9B-2D98-4744-9E61-89577DC24E01}.Debug|Any CPU.ActiveCfg = Debug|Any CPU
		{612D9E9B-2D98-4744-9E61-89577DC24E01}.Debug|Any CPU.Build.0 = Debug|Any CPU
		{612D9E9B-2D98-4744-9E61-89577DC24E01}.Release|Any CPU.ActiveCfg = Release|Any CPU
		{612D9E9B-2D98-4744-9E61-89577DC24E01}.Release|Any CPU.Build.0 = Release|Any CPU
	EndGlobalSection
	GlobalSection(SolutionProperties) = preSolution
		HideSolutionNode = FALSE
	EndGlobalSection
	GlobalSection(ExtensibilityGlobals) = postSolution
		SolutionGuid = {7AAF5F5B-C549-4C66-938D-7BE7836BCBB7}
	EndGlobalSection
EndGlobal
